
Microsoft Visual Studio Solution File, Format Version 12.00
# Visual Studio Version 16
VisualStudioVersion = 16.0.30011.22
MinimumVisualStudioVersion = 10.0.40219.1
Project("{9A19103F-16F7-4668-BE54-9A1E7A4F7556}") = "InterviewPrep", "InterviewPrep\InterviewPrep.csproj", "{FCA6632E-8FC2-4394-AA97-ECC9ADA13C21}"
EndProject
Project("{9A19103F-16F7-4668-BE54-9A1E7A4F7556}") = "RestaurantAPI", "RestaurantAPI\RestaurantAPI.csproj", "{0AEDBFF1-D49F-41A1-86F8-7AF3C8EAEE21}"
EndProject
Project("{2150E333-8FDC-42A3-9474-1A3956D46DE8}") = "Scripts", "Scripts", "{32C2F913-3F6D-4EE5-A3C3-677BE89744D1}"
	ProjectSection(SolutionItems) = preProject
		Scripts\RestuarantApi.ps1 = Scripts\RestuarantApi.ps1
	EndProjectSection
EndProject
Global
	GlobalSection(SolutionConfigurationPlatforms) = preSolution
		Debug|Any CPU = Debug|Any CPU
		Release|Any CPU = Release|Any CPU
	EndGlobalSection
	GlobalSection(ProjectConfigurationPlatforms) = postSolution
		{FCA6632E-8FC2-4394-AA97-ECC9ADA13C21}.Debug|Any CPU.ActiveCfg = Debug|Any CPU
		{FCA6632E-8FC2-4394-AA97-ECC9ADA13C21}.Debug|Any CPU.Build.0 = Debug|Any CPU
		{FCA6632E-8FC2-4394-AA97-ECC9ADA13C21}.Release|Any CPU.ActiveCfg = Release|Any CPU
		{FCA6632E-8FC2-4394-AA97-ECC9ADA13C21}.Release|Any CPU.Build.0 = Release|Any CPU
		{0AEDBFF1-D49F-41A1-86F8-7AF3C8EAEE21}.Debug|Any CPU.ActiveCfg = Debug|Any CPU
		{0AEDBFF1-D49F-41A1-86F8-7AF3C8EAEE21}.Debug|Any CPU.Build.0 = Debug|Any CPU
		{0AEDBFF1-D49F-41A1-86F8-7AF3C8EAEE21}.Release|Any CPU.ActiveCfg = Release|Any CPU
		{0AEDBFF1-D49F-41A1-86F8-7AF3C8EAEE21}.Release|Any CPU.Build.0 = Release|Any CPU
	EndGlobalSection
	GlobalSection(SolutionProperties) = preSolution
		HideSolutionNode = FALSE
	EndGlobalSection
	GlobalSection(ExtensibilityGlobals) = postSolution
		SolutionGuid = {7F094998-4B24-42EA-A43A-F795C851A270}
	EndGlobalSection
EndGlobal
